
Microsoft Visual Studio Solution File, Format Version 12.00
# Visual Studio Version 16
VisualStudioVersion = 16.0.32228.343
MinimumVisualStudioVersion = 10.0.40219.1
Project("{FAE04EC0-301F-11D3-BF4B-00C04F79EFBC}") = "CustomMediumcore", "CustomMediumcore.csproj", "{0EF61FDC-337D-4A56-BBE3-6FAF73A2949E}"
EndProject
Global
	GlobalSection(SolutionConfigurationPlatforms) = preSolution
		Debug|Any CPU = Debug|Any CPU
		Release|Any CPU = Release|Any CPU
	EndGlobalSection
	GlobalSection(ProjectConfigurationPlatforms) = postSolution
		{0EF61FDC-337D-4A56-BBE3-6FAF73A2949E}.Debug|Any CPU.ActiveCfg = Debug|Any CPU
		{0EF61FDC-337D-4A56-BBE3-6FAF73A2949E}.Debug|Any CPU.Build.0 = Debug|Any CPU
		{0EF61FDC-337D-4A56-BBE3-6FAF73A2949E}.Release|Any CPU.ActiveCfg = Release|Any CPU
		{0EF61FDC-337D-4A56-BBE3-6FAF73A2949E}.Release|Any CPU.Build.0 = Release|Any CPU
	EndGlobalSection
	GlobalSection(SolutionProperties) = preSolution
		HideSolutionNode = FALSE
	EndGlobalSection
	GlobalSection(ExtensibilityGlobals) = postSolution
		SolutionGuid = {81724F84-F8A7-458E-BF8E-B9B82031CB49}
	EndGlobalSection
EndGlobal
